
Microsoft Visual Studio Solution File, Format Version 12.00
# Visual Studio Version 16
VisualStudioVersion = 16.0.31702.278
MinimumVisualStudioVersion = 10.0.40219.1
Project("{FAE04EC0-301F-11D3-BF4B-00C04F79EFBC}") = "OOP_Lab12", "OOP_Lab12\OOP_Lab12.csproj", "{07988F05-0652-4781-AF6B-EC7CEB7F174A}"
EndProject
Global
	GlobalSection(SolutionConfigurationPlatforms) = preSolution
		Debug|Any CPU = Debug|Any CPU
		Release|Any CPU = Release|Any CPU
	EndGlobalSection
	GlobalSection(ProjectConfigurationPlatforms) = postSolution
		{07988F05-0652-4781-AF6B-EC7CEB7F174A}.Debug|Any CPU.ActiveCfg = Debug|Any CPU
		{07988F05-0652-4781-AF6B-EC7CEB7F174A}.Debug|Any CPU.Build.0 = Debug|Any CPU
		{07988F05-0652-4781-AF6B-EC7CEB7F174A}.Release|Any CPU.ActiveCfg = Release|Any CPU
		{07988F05-0652-4781-AF6B-EC7CEB7F174A}.Release|Any CPU.Build.0 = Release|Any CPU
	EndGlobalSection
	GlobalSection(SolutionProperties) = preSolution
		HideSolutionNode = FALSE
	EndGlobalSection
	GlobalSection(ExtensibilityGlobals) = postSolution
		SolutionGuid = {5B060EB4-24AE-472B-8C9E-751B859255DC}
	EndGlobalSection
EndGlobal
