
Microsoft Visual Studio Solution File, Format Version 12.00
# Visual Studio Version 16
VisualStudioVersion = 16.0.31702.278
MinimumVisualStudioVersion = 10.0.40219.1
Project("{FAE04EC0-301F-11D3-BF4B-00C04F79EFBC}") = "OOP_Lab10", "OOP_Lab10\OOP_Lab10.csproj", "{2E37865A-9354-472C-9760-3361D0AF59CD}"
EndProject
Global
	GlobalSection(SolutionConfigurationPlatforms) = preSolution
		Debug|Any CPU = Debug|Any CPU
		Release|Any CPU = Release|Any CPU
	EndGlobalSection
	GlobalSection(ProjectConfigurationPlatforms) = postSolution
		{2E37865A-9354-472C-9760-3361D0AF59CD}.Debug|Any CPU.ActiveCfg = Debug|Any CPU
		{2E37865A-9354-472C-9760-3361D0AF59CD}.Debug|Any CPU.Build.0 = Debug|Any CPU
		{2E37865A-9354-472C-9760-3361D0AF59CD}.Release|Any CPU.ActiveCfg = Release|Any CPU
		{2E37865A-9354-472C-9760-3361D0AF59CD}.Release|Any CPU.Build.0 = Release|Any CPU
	EndGlobalSection
	GlobalSection(SolutionProperties) = preSolution
		HideSolutionNode = FALSE
	EndGlobalSection
	GlobalSection(ExtensibilityGlobals) = postSolution
		SolutionGuid = {91387EB0-3F70-4A2C-B5B4-BCE7105298EF}
	EndGlobalSection
EndGlobal
