
Microsoft Visual Studio Solution File, Format Version 12.00
# Visual Studio Version 16
VisualStudioVersion = 16.0.31911.196
MinimumVisualStudioVersion = 10.0.40219.1
Project("{FAE04EC0-301F-11D3-BF4B-00C04F79EFBC}") = "OOP_Lab15", "OOP_Lab15\OOP_Lab15.csproj", "{7C810448-CD8A-4908-B7D6-0A36401A75CD}"
EndProject
Global
	GlobalSection(SolutionConfigurationPlatforms) = preSolution
		Debug|Any CPU = Debug|Any CPU
		Release|Any CPU = Release|Any CPU
	EndGlobalSection
	GlobalSection(ProjectConfigurationPlatforms) = postSolution
		{7C810448-CD8A-4908-B7D6-0A36401A75CD}.Debug|Any CPU.ActiveCfg = Debug|Any CPU
		{7C810448-CD8A-4908-B7D6-0A36401A75CD}.Debug|Any CPU.Build.0 = Debug|Any CPU
		{7C810448-CD8A-4908-B7D6-0A36401A75CD}.Release|Any CPU.ActiveCfg = Release|Any CPU
		{7C810448-CD8A-4908-B7D6-0A36401A75CD}.Release|Any CPU.Build.0 = Release|Any CPU
	EndGlobalSection
	GlobalSection(SolutionProperties) = preSolution
		HideSolutionNode = FALSE
	EndGlobalSection
	GlobalSection(ExtensibilityGlobals) = postSolution
		SolutionGuid = {1316C8BA-3D6D-44C5-8F6D-38DBCD392949}
	EndGlobalSection
EndGlobal
